
Microsoft Visual Studio Solution File, Format Version 12.00
# Visual Studio 15
VisualStudioVersion = 15.0.27703.2035
MinimumVisualStudioVersion = 10.0.40219.1
Project("{9A19103F-16F7-4668-BE54-9A1E7A4F7556}") = "HTEC.ChampionsLeague", "HTEC.ChampionsLeague\HTEC.ChampionsLeague.csproj", "{AE2BFEB9-2732-401C-BC3D-62631F2584C2}"
EndProject
Project("{9A19103F-16F7-4668-BE54-9A1E7A4F7556}") = "HTEC.ChampionsLeague.Tests", "HTEC.ChampionsLeague.Tests\HTEC.ChampionsLeague.Tests.csproj", "{036F311A-7922-4520-B9FF-B1C82A3F119D}"
EndProject
Global
	GlobalSection(SolutionConfigurationPlatforms) = preSolution
		Debug|Any CPU = Debug|Any CPU
		Release|Any CPU = Release|Any CPU
	EndGlobalSection
	GlobalSection(ProjectConfigurationPlatforms) = postSolution
		{AE2BFEB9-2732-401C-BC3D-62631F2584C2}.Debug|Any CPU.ActiveCfg = Debug|Any CPU
		{AE2BFEB9-2732-401C-BC3D-62631F2584C2}.Debug|Any CPU.Build.0 = Debug|Any CPU
		{AE2BFEB9-2732-401C-BC3D-62631F2584C2}.Release|Any CPU.ActiveCfg = Release|Any CPU
		{AE2BFEB9-2732-401C-BC3D-62631F2584C2}.Release|Any CPU.Build.0 = Release|Any CPU
		{036F311A-7922-4520-B9FF-B1C82A3F119D}.Debug|Any CPU.ActiveCfg = Debug|Any CPU
		{036F311A-7922-4520-B9FF-B1C82A3F119D}.Debug|Any CPU.Build.0 = Debug|Any CPU
		{036F311A-7922-4520-B9FF-B1C82A3F119D}.Release|Any CPU.ActiveCfg = Release|Any CPU
		{036F311A-7922-4520-B9FF-B1C82A3F119D}.Release|Any CPU.Build.0 = Release|Any CPU
	EndGlobalSection
	GlobalSection(SolutionProperties) = preSolution
		HideSolutionNode = FALSE
	EndGlobalSection
	GlobalSection(ExtensibilityGlobals) = postSolution
		SolutionGuid = {EB449F01-A5B5-48EF-9A82-46842C3F3E6C}
	EndGlobalSection
EndGlobal
